PODS:
  - Alamofire (4.0.0)
  - AsyncSwift (1.7.3)
  - IQKeyboardManagerSwift (4.0.6)
  - Kingfisher (3.0.1)
  - MJRefresh (3.1.12)
  - PKHUD (3.2.1)
  - R.swift (3.0.0):
    - R.swift.Library (~> 3.0.0)
  - R.swift.Library (3.0.0)
  - SnapKit (3.0.0)
  - TextFieldEffects (1.2.0)

DEPENDENCIES:
  - Alamofire
  - AsyncSwift
  - IQKeyboardManagerSwift
  - Kingfisher
  - MJRefresh
  - PKHUD
  - R.swift
  - SnapKit
  - TextFieldEffects

SPEC CHECKSUMS:
  Alamofire: fef59f00388f267e52d9b432aa5d93dc97190f14
  AsyncSwift: f3ad5dd077bbd1477e7573e87071a532fedaca1a
  IQKeyboardManagerSwift: b3015e819559ca76381f87a0833f44d178564603
  Kingfisher: d5a491b45ea453d90a31bd2c0831d5243e73a73f
  MJRefresh: b96cdb21c4aa75a7b07654311ab2f315c497e806
  PKHUD: 001c11518f125a273ddf026bcc64918423744ea2
  R.swift: 5a8b4a4ea565b0f20c39d8ce1445f3d3a9064768
  R.swift.Library: fed723da260519abed60044de7aaf19494cc4e1f
  SnapKit: 98af0a4e9369d3c58f758967518081dbdc7eb1d9
  TextFieldEffects: bc4fd3bd557321bd61a0762f3f50965477a36f62

PODFILE CHECKSUM: ea320ed795d6c92bff03583396bc1cffff38a0b8

COCOAPODS: 1.0.0
